
Microsoft Visual Studio Solution File, Format Version 12.00
# Visual Studio Version 16
VisualStudioVersion = 16.0.32929.386
MinimumVisualStudioVersion = 10.0.40219.1
Project("{FAE04EC0-301F-11D3-BF4B-00C04F79EFBC}") = "Projet_Formation_II", "Projet_Formation_II\Projet_Formation_II.csproj", "{72648D0C-DDBC-45C6-9379-DACA12611721}"
EndProject
Global
	GlobalSection(SolutionConfigurationPlatforms) = preSolution
		Debug|Any CPU = Debug|Any CPU
		Release|Any CPU = Release|Any CPU
	EndGlobalSection
	GlobalSection(ProjectConfigurationPlatforms) = postSolution
		{72648D0C-DDBC-45C6-9379-DACA12611721}.Debug|Any CPU.ActiveCfg = Debug|Any CPU
		{72648D0C-DDBC-45C6-9379-DACA12611721}.Debug|Any CPU.Build.0 = Debug|Any CPU
		{72648D0C-DDBC-45C6-9379-DACA12611721}.Release|Any CPU.ActiveCfg = Release|Any CPU
		{72648D0C-DDBC-45C6-9379-DACA12611721}.Release|Any CPU.Build.0 = Release|Any CPU
	EndGlobalSection
	GlobalSection(SolutionProperties) = preSolution
		HideSolutionNode = FALSE
	EndGlobalSection
	GlobalSection(ExtensibilityGlobals) = postSolution
		SolutionGuid = {4E26475D-74B4-4B09-9D36-926A54241CB9}
	EndGlobalSection
EndGlobal
