
Microsoft Visual Studio Solution File, Format Version 12.00
# Visual Studio Version 17
VisualStudioVersion = 17.3.32901.215
MinimumVisualStudioVersion = 10.0.40219.1
Project("{9A19103F-16F7-4668-BE54-9A1E7A4F7556}") = "Projet_Formation_I", "Projet_Formation_I\Projet_Formation_I.csproj", "{669ECE20-6B12-473F-AD12-170A325B8562}"
EndProject
Project("{FAE04EC0-301F-11D3-BF4B-00C04F79EFBC}") = "Projet_I", "Projet_I\Projet_I.csproj", "{950559D1-FDF9-4909-90F9-EA6FFE325B87}"
EndProject
Global
	GlobalSection(SolutionConfigurationPlatforms) = preSolution
		Debug|Any CPU = Debug|Any CPU
		Release|Any CPU = Release|Any CPU
	EndGlobalSection
	GlobalSection(ProjectConfigurationPlatforms) = postSolution
		{669ECE20-6B12-473F-AD12-170A325B8562}.Debug|Any CPU.ActiveCfg = Debug|Any CPU
		{669ECE20-6B12-473F-AD12-170A325B8562}.Debug|Any CPU.Build.0 = Debug|Any CPU
		{669ECE20-6B12-473F-AD12-170A325B8562}.Release|Any CPU.ActiveCfg = Release|Any CPU
		{669ECE20-6B12-473F-AD12-170A325B8562}.Release|Any CPU.Build.0 = Release|Any CPU
		{950559D1-FDF9-4909-90F9-EA6FFE325B87}.Debug|Any CPU.ActiveCfg = Debug|Any CPU
		{950559D1-FDF9-4909-90F9-EA6FFE325B87}.Debug|Any CPU.Build.0 = Debug|Any CPU
		{950559D1-FDF9-4909-90F9-EA6FFE325B87}.Release|Any CPU.ActiveCfg = Release|Any CPU
		{950559D1-FDF9-4909-90F9-EA6FFE325B87}.Release|Any CPU.Build.0 = Release|Any CPU
	EndGlobalSection
	GlobalSection(SolutionProperties) = preSolution
		HideSolutionNode = FALSE
	EndGlobalSection
	GlobalSection(ExtensibilityGlobals) = postSolution
		SolutionGuid = {20056BC3-11EB-4F4B-8EDF-B29DB0EF9DAB}
	EndGlobalSection
EndGlobal
