
Microsoft Visual Studio Solution File, Format Version 12.00
# Visual Studio Version 16
VisualStudioVersion = 16.0.32929.386
MinimumVisualStudioVersion = 10.0.40219.1
Project("{9A19103F-16F7-4668-BE54-9A1E7A4F7556}") = "formationCSharp", "formationCSharp.csproj", "{2A822290-4D4D-4409-8EF8-1CCDAB7C2C5B}"
EndProject
Project("{FAE04EC0-301F-11D3-BF4B-00C04F79EFBC}") = "Serie I", "..\Serie I\Serie I.csproj", "{2AB7ECED-BABC-4AB7-9C3B-59A5442D8489}"
EndProject
Global
	GlobalSection(SolutionConfigurationPlatforms) = preSolution
		Debug|Any CPU = Debug|Any CPU
		Release|Any CPU = Release|Any CPU
	EndGlobalSection
	GlobalSection(ProjectConfigurationPlatforms) = postSolution
		{2A822290-4D4D-4409-8EF8-1CCDAB7C2C5B}.Debug|Any CPU.ActiveCfg = Debug|Any CPU
		{2A822290-4D4D-4409-8EF8-1CCDAB7C2C5B}.Debug|Any CPU.Build.0 = Debug|Any CPU
		{2A822290-4D4D-4409-8EF8-1CCDAB7C2C5B}.Release|Any CPU.ActiveCfg = Release|Any CPU
		{2A822290-4D4D-4409-8EF8-1CCDAB7C2C5B}.Release|Any CPU.Build.0 = Release|Any CPU
		{2AB7ECED-BABC-4AB7-9C3B-59A5442D8489}.Debug|Any CPU.ActiveCfg = Debug|Any CPU
		{2AB7ECED-BABC-4AB7-9C3B-59A5442D8489}.Debug|Any CPU.Build.0 = Debug|Any CPU
		{2AB7ECED-BABC-4AB7-9C3B-59A5442D8489}.Release|Any CPU.ActiveCfg = Release|Any CPU
		{2AB7ECED-BABC-4AB7-9C3B-59A5442D8489}.Release|Any CPU.Build.0 = Release|Any CPU
	EndGlobalSection
	GlobalSection(SolutionProperties) = preSolution
		HideSolutionNode = FALSE
	EndGlobalSection
	GlobalSection(ExtensibilityGlobals) = postSolution
		SolutionGuid = {69DD901F-1B18-4600-AE9D-0E5559BC54A0}
	EndGlobalSection
EndGlobal
